
Microsoft Visual Studio Solution File, Format Version 12.00
# Visual Studio Version 16
VisualStudioVersion = 16.0.32002.261
MinimumVisualStudioVersion = 10.0.40219.1
Project("{FAE04EC0-301F-11D3-BF4B-00C04F79EFBC}") = "BeadConsoleApp", "BeadConsoleApp\BeadConsoleApp.csproj", "{56379A42-570A-432B-8EB4-4BAAE26F9A42}"
EndProject
Global
	GlobalSection(SolutionConfigurationPlatforms) = preSolution
		Debug|Any CPU = Debug|Any CPU
		Release|Any CPU = Release|Any CPU
	EndGlobalSection
	GlobalSection(ProjectConfigurationPlatforms) = postSolution
		{56379A42-570A-432B-8EB4-4BAAE26F9A42}.Debug|Any CPU.ActiveCfg = Debug|Any CPU
		{56379A42-570A-432B-8EB4-4BAAE26F9A42}.Debug|Any CPU.Build.0 = Debug|Any CPU
		{56379A42-570A-432B-8EB4-4BAAE26F9A42}.Release|Any CPU.ActiveCfg = Release|Any CPU
		{56379A42-570A-432B-8EB4-4BAAE26F9A42}.Release|Any CPU.Build.0 = Release|Any CPU
	EndGlobalSection
	GlobalSection(SolutionProperties) = preSolution
		HideSolutionNode = FALSE
	EndGlobalSection
	GlobalSection(ExtensibilityGlobals) = postSolution
		SolutionGuid = {C949F386-DE1E-47CE-834C-881E75FABCF0}
	EndGlobalSection
EndGlobal
